// !$*UTF8*$!
{
	archiveVersion = 1;
	classes = {
	};
	objectVersion = 56;
	objects = {

/* Begin PBXBuildFile section */
		3AF825BC56CD6CEF245F8F52 /* Pods_MoviePosterApp.framework in Frameworks */ = {isa = PBXBuildFile; fileRef = 5C9B9FA24605B36C54591F4D /* Pods_MoviePosterApp.framework */; };
		8B2B044B2A4EDB24006AFF21 /* StaffInfoHeader.swift in Sources */ = {isa = PBXBuildFile; fileRef = 8B2B044A2A4EDB24006AFF21 /* StaffInfoHeader.swift */; };
		8B2B04522A4EFE10006AFF21 /* WatchListModuleBuilder.swift in Sources */ = {isa = PBXBuildFile; fileRef = 8B2B04512A4EFE10006AFF21 /* WatchListModuleBuilder.swift */; };
		8B2B04542A4F06CA006AFF21 /* WatchListInteractorIO.swift in Sources */ = {isa = PBXBuildFile; fileRef = 8B2B04532A4F06CA006AFF21 /* WatchListInteractorIO.swift */; };
		8B2B04562A4F06D6006AFF21 /* WatchListInteractor.swift in Sources */ = {isa = PBXBuildFile; fileRef = 8B2B04552A4F06D6006AFF21 /* WatchListInteractor.swift */; };
		8B2B04592A4F06F1006AFF21 /* WatchListPresenter.swift in Sources */ = {isa = PBXBuildFile; fileRef = 8B2B04582A4F06F0006AFF21 /* WatchListPresenter.swift */; };
		8B2B045B2A4F06FF006AFF21 /* WatchListRouterI.swift in Sources */ = {isa = PBXBuildFile; fileRef = 8B2B045A2A4F06FF006AFF21 /* WatchListRouterI.swift */; };
		8B2B045D2A4F070B006AFF21 /* WatchListRouter.swift in Sources */ = {isa = PBXBuildFile; fileRef = 8B2B045C2A4F070B006AFF21 /* WatchListRouter.swift */; };
		8B2B045F2A4F071E006AFF21 /* WatchListViewController.swift in Sources */ = {isa = PBXBuildFile; fileRef = 8B2B045E2A4F071E006AFF21 /* WatchListViewController.swift */; };
		8B2B04612A4F087F006AFF21 /* WatchListViewIO.swift in Sources */ = {isa = PBXBuildFile; fileRef = 8B2B04602A4F087F006AFF21 /* WatchListViewIO.swift */; };
		8B2B04632A4F1074006AFF21 /* WatchListService.swift in Sources */ = {isa = PBXBuildFile; fileRef = 8B2B04622A4F1074006AFF21 /* WatchListService.swift */; };
		8B2B04652A4F11D6006AFF21 /* CoreDataAssembly.swift in Sources */ = {isa = PBXBuildFile; fileRef = 8B2B04642A4F11D6006AFF21 /* CoreDataAssembly.swift */; };
		8B2B04682A4F1BAA006AFF21 /* FilmTableViewCell.swift in Sources */ = {isa = PBXBuildFile; fileRef = 8B2B04672A4F1BAA006AFF21 /* FilmTableViewCell.swift */; };
		8B5A53662A35D375004B3F90 /* FlowCoordinatorProtocol.swift in Sources */ = {isa = PBXBuildFile; fileRef = 8B5A53652A35D375004B3F90 /* FlowCoordinatorProtocol.swift */; };
		8B5A53682A35D438004B3F90 /* RootCoordinator.swift in Sources */ = {isa = PBXBuildFile; fileRef = 8B5A53672A35D438004B3F90 /* RootCoordinator.swift */; };
		8B5A536A2A35D546004B3F90 /* TabBarCoordinator.swift in Sources */ = {isa = PBXBuildFile; fileRef = 8B5A53692A35D546004B3F90 /* TabBarCoordinator.swift */; };
		8B5A536C2A35D7E9004B3F90 /* MainFlowCoordinator.swift in Sources */ = {isa = PBXBuildFile; fileRef = 8B5A536B2A35D7E9004B3F90 /* MainFlowCoordinator.swift */; };
		8B5A536F2A35DFF8004B3F90 /* MainViewController.swift in Sources */ = {isa = PBXBuildFile; fileRef = 8B5A536E2A35DFF8004B3F90 /* MainViewController.swift */; };
		8B5A53712A35E05F004B3F90 /* MainPresenter.swift in Sources */ = {isa = PBXBuildFile; fileRef = 8B5A53702A35E05F004B3F90 /* MainPresenter.swift */; };
		8B5A53732A35E171004B3F90 /* MainRouter.swift in Sources */ = {isa = PBXBuildFile; fileRef = 8B5A53722A35E171004B3F90 /* MainRouter.swift */; };
		8B5A53752A35E1E5004B3F90 /* MainInteractor.swift in Sources */ = {isa = PBXBuildFile; fileRef = 8B5A53742A35E1E5004B3F90 /* MainInteractor.swift */; };
		8B5A53772A35E23F004B3F90 /* MainModuleBuilder.swift in Sources */ = {isa = PBXBuildFile; fileRef = 8B5A53762A35E23F004B3F90 /* MainModuleBuilder.swift */; };
		8B5A537A2A367D0C004B3F90 /* MainInteractorIO.swift in Sources */ = {isa = PBXBuildFile; fileRef = 8B5A53792A367D0C004B3F90 /* MainInteractorIO.swift */; };
		8B5A53802A367E7D004B3F90 /* MainViewIO.swift in Sources */ = {isa = PBXBuildFile; fileRef = 8B5A537F2A367E7D004B3F90 /* MainViewIO.swift */; };
		8B5A53832A367F6F004B3F90 /* MainRouterI.swift in Sources */ = {isa = PBXBuildFile; fileRef = 8B5A53822A367F6F004B3F90 /* MainRouterI.swift */; };
		8B72CB8B29F2783F0083B3C3 /* ServiceLocator.swift in Sources */ = {isa = PBXBuildFile; fileRef = 8B72CB8A29F2783F0083B3C3 /* ServiceLocator.swift */; };
		8B72CB8E29F278660083B3C3 /* NetworkAssembly.swift in Sources */ = {isa = PBXBuildFile; fileRef = 8B72CB8D29F278660083B3C3 /* NetworkAssembly.swift */; };
		8B733FEC2A50EF8600992CD6 /* FilmEntity+CoreDataClass copy.swift in Sources */ = {isa = PBXBuildFile; fileRef = 8B733FEA2A50EF8600992CD6 /* FilmEntity+CoreDataClass copy.swift */; };
		8B733FED2A50EF8600992CD6 /* FilmEntity+CoreDataProperties copy.swift in Sources */ = {isa = PBXBuildFile; fileRef = 8B733FEB2A50EF8600992CD6 /* FilmEntity+CoreDataProperties copy.swift */; };
		8B733FEF2A51939000992CD6 /* LocalDataSource.swift in Sources */ = {isa = PBXBuildFile; fileRef = 8B733FEE2A51939000992CD6 /* LocalDataSource.swift */; };
		8B733FF12A5193C500992CD6 /* FilmInfoLocalDataSource.swift in Sources */ = {isa = PBXBuildFile; fileRef = 8B733FF02A5193C500992CD6 /* FilmInfoLocalDataSource.swift */; };
		8B733FF42A519F7D00992CD6 /* FilmSearchService.swift in Sources */ = {isa = PBXBuildFile; fileRef = 8B733FF32A519F7D00992CD6 /* FilmSearchService.swift */; };
		8B733FF62A519FB500992CD6 /* NetworkApiService.swift in Sources */ = {isa = PBXBuildFile; fileRef = 8B733FF52A519FB500992CD6 /* NetworkApiService.swift */; };
		8B733FFD2A51A42F00992CD6 /* SearchModuleBuilder.swift in Sources */ = {isa = PBXBuildFile; fileRef = 8B733FFC2A51A42F00992CD6 /* SearchModuleBuilder.swift */; };
		8B7340002A51A45900992CD6 /* SearchInteractorIO.swift in Sources */ = {isa = PBXBuildFile; fileRef = 8B733FFF2A51A45900992CD6 /* SearchInteractorIO.swift */; };
		8B7340022A51A48C00992CD6 /* SearchInteractor.swift in Sources */ = {isa = PBXBuildFile; fileRef = 8B7340012A51A48C00992CD6 /* SearchInteractor.swift */; };
		8B7340042A51A51F00992CD6 /* SearchRouterI.swift in Sources */ = {isa = PBXBuildFile; fileRef = 8B7340032A51A51F00992CD6 /* SearchRouterI.swift */; };
		8B7340062A51A56000992CD6 /* SearchRouter.swift in Sources */ = {isa = PBXBuildFile; fileRef = 8B7340052A51A56000992CD6 /* SearchRouter.swift */; };
		8B7340082A51A62E00992CD6 /* SearchViewIO.swift in Sources */ = {isa = PBXBuildFile; fileRef = 8B7340072A51A62E00992CD6 /* SearchViewIO.swift */; };
		8B73400A2A51A6CE00992CD6 /* SearchViewController.swift in Sources */ = {isa = PBXBuildFile; fileRef = 8B7340092A51A6CE00992CD6 /* SearchViewController.swift */; };
		8B73400C2A51A7D800992CD6 /* SearchPresenter.swift in Sources */ = {isa = PBXBuildFile; fileRef = 8B73400B2A51A7D800992CD6 /* SearchPresenter.swift */; };
		8B7DFD172A375365006E0755 /* MovieNetworkService.swift in Sources */ = {isa = PBXBuildFile; fileRef = 8B7DFD162A375365006E0755 /* MovieNetworkService.swift */; };
		8B7DFD192A3758CF006E0755 /* Premieres.swift in Sources */ = {isa = PBXBuildFile; fileRef = 8B7DFD182A3758CF006E0755 /* Premieres.swift */; };
		8B7DFD1C2A376A60006E0755 /* TabBarBuilder.swift in Sources */ = {isa = PBXBuildFile; fileRef = 8B7DFD1B2A376A60006E0755 /* TabBarBuilder.swift */; };
		8B7DFD1E2A377044006E0755 /* Films.swift in Sources */ = {isa = PBXBuildFile; fileRef = 8B7DFD1D2A377044006E0755 /* Films.swift */; };
		8B7ED98B2A4D7AAA007B7C2F /* RatingVIew.swift in Sources */ = {isa = PBXBuildFile; fileRef = 8B7ED98A2A4D7AAA007B7C2F /* RatingVIew.swift */; };
		8B7ED98F2A4D7DCA007B7C2F /* SecondaryInfoView.swift in Sources */ = {isa = PBXBuildFile; fileRef = 8B7ED98E2A4D7DCA007B7C2F /* SecondaryInfoView.swift */; };
		8B7ED9912A4D8DD3007B7C2F /* FilmInfoService.swift in Sources */ = {isa = PBXBuildFile; fileRef = 8B7ED9902A4D8DD3007B7C2F /* FilmInfoService.swift */; };
		8B7ED9942A4E25B7007B7C2F /* Staff.swift in Sources */ = {isa = PBXBuildFile; fileRef = 8B7ED9932A4E25B7007B7C2F /* Staff.swift */; };
		8B7ED9962A4E2965007B7C2F /* StaffInfoSection.swift in Sources */ = {isa = PBXBuildFile; fileRef = 8B7ED9952A4E2965007B7C2F /* StaffInfoSection.swift */; };
		8B7ED9982A4E2AA9007B7C2F /* StaffInfoCell.swift in Sources */ = {isa = PBXBuildFile; fileRef = 8B7ED9972A4E2AA9007B7C2F /* StaffInfoCell.swift */; };
		8B8CF4232A42164100AED61C /* Resolver+Extensions.swift in Sources */ = {isa = PBXBuildFile; fileRef = 8B8CF4222A42164100AED61C /* Resolver+Extensions.swift */; };
		8B950EF62A3EF9AC00C7307C /* Section.swift in Sources */ = {isa = PBXBuildFile; fileRef = 8B950EF52A3EF9AC00C7307C /* Section.swift */; };
		8B950EFA2A3EFBAF00C7307C /* AwaitFilmsSectionHeader.swift in Sources */ = {isa = PBXBuildFile; fileRef = 8B950EF92A3EFBAF00C7307C /* AwaitFilmsSectionHeader.swift */; };
		8B950EFC2A3EFCB400C7307C /* FilmsSelectionHeader.swift in Sources */ = {isa = PBXBuildFile; fileRef = 8B950EFB2A3EFCB400C7307C /* FilmsSelectionHeader.swift */; };
		8B950EFE2A3EFCE900C7307C /* AwaitFilmsSection.swift in Sources */ = {isa = PBXBuildFile; fileRef = 8B950EFD2A3EFCE900C7307C /* AwaitFilmsSection.swift */; };
		8B950F012A3F038E00C7307C /* FilmsSelection.swift in Sources */ = {isa = PBXBuildFile; fileRef = 8B950F002A3F038E00C7307C /* FilmsSelection.swift */; };
		8B950F042A3F04D900C7307C /* SelectionFilmCell.swift in Sources */ = {isa = PBXBuildFile; fileRef = 8B950F032A3F04D900C7307C /* SelectionFilmCell.swift */; };
		8B950F072A3FB26600C7307C /* SearchButton.swift in Sources */ = {isa = PBXBuildFile; fileRef = 8B950F062A3FB26600C7307C /* SearchButton.swift */; };
		8B950F092A3FB51100C7307C /* AwaitFilmCell.swift in Sources */ = {isa = PBXBuildFile; fileRef = 8B950F082A3FB51100C7307C /* AwaitFilmCell.swift */; };
		8BDFABE72A4B1CE600C9131B /* FilmCell.swift in Sources */ = {isa = PBXBuildFile; fileRef = 8BDFABE62A4B1CE600C9131B /* FilmCell.swift */; };
		8BDFABE92A4B2F1D00C9131B /* RatingTypeButton.swift in Sources */ = {isa = PBXBuildFile; fileRef = 8BDFABE82A4B2F1D00C9131B /* RatingTypeButton.swift */; };
		8BDFABEB2A4B41B200C9131B /* FilmInSelectionSection.swift in Sources */ = {isa = PBXBuildFile; fileRef = 8BDFABEA2A4B41B200C9131B /* FilmInSelectionSection.swift */; };
		8BDFABF52A4CD77200C9131B /* FilmInfoModuleBuilder.swift in Sources */ = {isa = PBXBuildFile; fileRef = 8BDFABF42A4CD77200C9131B /* FilmInfoModuleBuilder.swift */; };
		8BDFABF72A4CDCDE00C9131B /* FilmInfoInteractor.swift in Sources */ = {isa = PBXBuildFile; fileRef = 8BDFABF62A4CDCDE00C9131B /* FilmInfoInteractor.swift */; };
		8BDFABF92A4CDD2700C9131B /* FilmInfoInteractorIO.swift in Sources */ = {isa = PBXBuildFile; fileRef = 8BDFABF82A4CDD2700C9131B /* FilmInfoInteractorIO.swift */; };
		8BDFABFB2A4CDDA300C9131B /* FilmInfoPresenter.swift in Sources */ = {isa = PBXBuildFile; fileRef = 8BDFABFA2A4CDDA300C9131B /* FilmInfoPresenter.swift */; };
		8BDFABFD2A4CDE5D00C9131B /* FilmInfoRouterI.swift in Sources */ = {isa = PBXBuildFile; fileRef = 8BDFABFC2A4CDE5D00C9131B /* FilmInfoRouterI.swift */; };
		8BDFABFF2A4CDE6700C9131B /* FilmInfoRouter.swift in Sources */ = {isa = PBXBuildFile; fileRef = 8BDFABFE2A4CDE6700C9131B /* FilmInfoRouter.swift */; };
		8BDFAC012A4CDF2100C9131B /* FilmInfoViewIO.swift in Sources */ = {isa = PBXBuildFile; fileRef = 8BDFAC002A4CDF2100C9131B /* FilmInfoViewIO.swift */; };
		8BDFAC032A4CDF7700C9131B /* FilmInfoViewController.swift in Sources */ = {isa = PBXBuildFile; fileRef = 8BDFAC022A4CDF7700C9131B /* FilmInfoViewController.swift */; };
		8BDFAC062A4CF00B00C9131B /* FilmMainInfoCell.swift in Sources */ = {isa = PBXBuildFile; fileRef = 8BDFAC052A4CF00B00C9131B /* FilmMainInfoCell.swift */; };
		8BDFAC092A4CF03800C9131B /* FilmMainInfoSection.swift in Sources */ = {isa = PBXBuildFile; fileRef = 8BDFAC082A4CF03800C9131B /* FilmMainInfoSection.swift */; };
		EACD674929A901FF0093883D /* AppDelegate.swift in Sources */ = {isa = PBXBuildFile; fileRef = EACD674829A901FF0093883D /* AppDelegate.swift */; };
		EACD674B29A901FF0093883D /* SceneDelegate.swift in Sources */ = {isa = PBXBuildFile; fileRef = EACD674A29A901FF0093883D /* SceneDelegate.swift */; };
		EACD675329A901FF0093883D /* MoviePosterApp.xcdatamodeld in Sources */ = {isa = PBXBuildFile; fileRef = EACD675129A901FF0093883D /* MoviePosterApp.xcdatamodeld */; };
		EACD675529A902060093883D /* Assets.xcassets in Resources */ = {isa = PBXBuildFile; fileRef = EACD675429A902060093883D /* Assets.xcassets */; };
		EACD675829A902060093883D /* LaunchScreen.storyboard in Resources */ = {isa = PBXBuildFile; fileRef = EACD675629A902060093883D /* LaunchScreen.storyboard */; };
/* End PBXBuildFile section */

/* Begin PBXFileReference section */
		061CFF86462D4BF5DF8E857A /* Pods-MoviePosterApp.debug.xcconfig */ = {isa = PBXFileReference; includeInIndex = 1; lastKnownFileType = text.xcconfig; name = "Pods-MoviePosterApp.debug.xcconfig"; path = "Target Support Files/Pods-MoviePosterApp/Pods-MoviePosterApp.debug.xcconfig"; sourceTree = "<group>"; };
		5C9B9FA24605B36C54591F4D /* Pods_MoviePosterApp.framework */ = {isa = PBXFileReference; explicitFileType = wrapper.framework; includeInIndex = 0; path = Pods_MoviePosterApp.framework; sourceTree = BUILT_PRODUCTS_DIR; };
		79D6C00D4EE11518FA909B38 /* Pods-MoviePosterApp.release.xcconfig */ = {isa = PBXFileReference; includeInIndex = 1; lastKnownFileType = text.xcconfig; name = "Pods-MoviePosterApp.release.xcconfig"; path = "Target Support Files/Pods-MoviePosterApp/Pods-MoviePosterApp.release.xcconfig"; sourceTree = "<group>"; };
		8B2B044A2A4EDB24006AFF21 /* StaffInfoHeader.swift */ = {isa = PBXFileReference; lastKnownFileType = sourcecode.swift; path = StaffInfoHeader.swift; sourceTree = "<group>"; };
		8B2B04512A4EFE10006AFF21 /* WatchListModuleBuilder.swift */ = {isa = PBXFileReference; lastKnownFileType = sourcecode.swift; path = WatchListModuleBuilder.swift; sourceTree = "<group>"; };
		8B2B04532A4F06CA006AFF21 /* WatchListInteractorIO.swift */ = {isa = PBXFileReference; lastKnownFileType = sourcecode.swift; path = WatchListInteractorIO.swift; sourceTree = "<group>"; };
		8B2B04552A4F06D6006AFF21 /* WatchListInteractor.swift */ = {isa = PBXFileReference; lastKnownFileType = sourcecode.swift; path = WatchListInteractor.swift; sourceTree = "<group>"; };
		8B2B04582A4F06F0006AFF21 /* WatchListPresenter.swift */ = {isa = PBXFileReference; lastKnownFileType = sourcecode.swift; path = WatchListPresenter.swift; sourceTree = "<group>"; };
		8B2B045A2A4F06FF006AFF21 /* WatchListRouterI.swift */ = {isa = PBXFileReference; lastKnownFileType = sourcecode.swift; path = WatchListRouterI.swift; sourceTree = "<group>"; };
		8B2B045C2A4F070B006AFF21 /* WatchListRouter.swift */ = {isa = PBXFileReference; lastKnownFileType = sourcecode.swift; path = WatchListRouter.swift; sourceTree = "<group>"; };
		8B2B045E2A4F071E006AFF21 /* WatchListViewController.swift */ = {isa = PBXFileReference; lastKnownFileType = sourcecode.swift; path = WatchListViewController.swift; sourceTree = "<group>"; };
		8B2B04602A4F087F006AFF21 /* WatchListViewIO.swift */ = {isa = PBXFileReference; lastKnownFileType = sourcecode.swift; path = WatchListViewIO.swift; sourceTree = "<group>"; };
		8B2B04622A4F1074006AFF21 /* WatchListService.swift */ = {isa = PBXFileReference; lastKnownFileType = sourcecode.swift; path = WatchListService.swift; sourceTree = "<group>"; };
		8B2B04642A4F11D6006AFF21 /* CoreDataAssembly.swift */ = {isa = PBXFileReference; lastKnownFileType = sourcecode.swift; path = CoreDataAssembly.swift; sourceTree = "<group>"; };
		8B2B04672A4F1BAA006AFF21 /* FilmTableViewCell.swift */ = {isa = PBXFileReference; lastKnownFileType = sourcecode.swift; path = FilmTableViewCell.swift; sourceTree = "<group>"; };
		8B5A53652A35D375004B3F90 /* FlowCoordinatorProtocol.swift */ = {isa = PBXFileReference; lastKnownFileType = sourcecode.swift; path = FlowCoordinatorProtocol.swift; sourceTree = "<group>"; };
		8B5A53672A35D438004B3F90 /* RootCoordinator.swift */ = {isa = PBXFileReference; lastKnownFileType = sourcecode.swift; path = RootCoordinator.swift; sourceTree = "<group>"; };
		8B5A53692A35D546004B3F90 /* TabBarCoordinator.swift */ = {isa = PBXFileReference; lastKnownFileType = sourcecode.swift; path = TabBarCoordinator.swift; sourceTree = "<group>"; };
		8B5A536B2A35D7E9004B3F90 /* MainFlowCoordinator.swift */ = {isa = PBXFileReference; lastKnownFileType = sourcecode.swift; path = MainFlowCoordinator.swift; sourceTree = "<group>"; };
		8B5A536E2A35DFF8004B3F90 /* MainViewController.swift */ = {isa = PBXFileReference; lastKnownFileType = sourcecode.swift; path = MainViewController.swift; sourceTree = "<group>"; };
		8B5A53702A35E05F004B3F90 /* MainPresenter.swift */ = {isa = PBXFileReference; lastKnownFileType = sourcecode.swift; path = MainPresenter.swift; sourceTree = "<group>"; };
		8B5A53722A35E171004B3F90 /* MainRouter.swift */ = {isa = PBXFileReference; lastKnownFileType = sourcecode.swift; path = MainRouter.swift; sourceTree = "<group>"; };
		8B5A53742A35E1E5004B3F90 /* MainInteractor.swift */ = {isa = PBXFileReference; lastKnownFileType = sourcecode.swift; path = MainInteractor.swift; sourceTree = "<group>"; };
		8B5A53762A35E23F004B3F90 /* MainModuleBuilder.swift */ = {isa = PBXFileReference; lastKnownFileType = sourcecode.swift; path = MainModuleBuilder.swift; sourceTree = "<group>"; };
		8B5A53792A367D0C004B3F90 /* MainInteractorIO.swift */ = {isa = PBXFileReference; lastKnownFileType = sourcecode.swift; path = MainInteractorIO.swift; sourceTree = "<group>"; };
		8B5A537F2A367E7D004B3F90 /* MainViewIO.swift */ = {isa = PBXFileReference; lastKnownFileType = sourcecode.swift; path = MainViewIO.swift; sourceTree = "<group>"; };
		8B5A53822A367F6F004B3F90 /* MainRouterI.swift */ = {isa = PBXFileReference; lastKnownFileType = sourcecode.swift; path = MainRouterI.swift; sourceTree = "<group>"; };
		8B72CB8A29F2783F0083B3C3 /* ServiceLocator.swift */ = {isa = PBXFileReference; lastKnownFileType = sourcecode.swift; path = ServiceLocator.swift; sourceTree = "<group>"; };
		8B72CB8D29F278660083B3C3 /* NetworkAssembly.swift */ = {isa = PBXFileReference; lastKnownFileType = sourcecode.swift; path = NetworkAssembly.swift; sourceTree = "<group>"; };
		8B733FEA2A50EF8600992CD6 /* FilmEntity+CoreDataClass copy.swift */ = {isa = PBXFileReference; fileEncoding = 4; lastKnownFileType = sourcecode.swift; path = "FilmEntity+CoreDataClass copy.swift"; sourceTree = "<group>"; };
		8B733FEB2A50EF8600992CD6 /* FilmEntity+CoreDataProperties copy.swift */ = {isa = PBXFileReference; fileEncoding = 4; lastKnownFileType = sourcecode.swift; path = "FilmEntity+CoreDataProperties copy.swift"; sourceTree = "<group>"; };
		8B733FEE2A51939000992CD6 /* LocalDataSource.swift */ = {isa = PBXFileReference; lastKnownFileType = sourcecode.swift; path = LocalDataSource.swift; sourceTree = "<group>"; };
		8B733FF02A5193C500992CD6 /* FilmInfoLocalDataSource.swift */ = {isa = PBXFileReference; lastKnownFileType = sourcecode.swift; path = FilmInfoLocalDataSource.swift; sourceTree = "<group>"; };
		8B733FF32A519F7D00992CD6 /* FilmSearchService.swift */ = {isa = PBXFileReference; lastKnownFileType = sourcecode.swift; path = FilmSearchService.swift; sourceTree = "<group>"; };
		8B733FF52A519FB500992CD6 /* NetworkApiService.swift */ = {isa = PBXFileReference; lastKnownFileType = sourcecode.swift; path = NetworkApiService.swift; sourceTree = "<group>"; };
		8B733FFC2A51A42F00992CD6 /* SearchModuleBuilder.swift */ = {isa = PBXFileReference; lastKnownFileType = sourcecode.swift; path = SearchModuleBuilder.swift; sourceTree = "<group>"; };
		8B733FFF2A51A45900992CD6 /* SearchInteractorIO.swift */ = {isa = PBXFileReference; lastKnownFileType = sourcecode.swift; path = SearchInteractorIO.swift; sourceTree = "<group>"; };
		8B7340012A51A48C00992CD6 /* SearchInteractor.swift */ = {isa = PBXFileReference; lastKnownFileType = sourcecode.swift; path = SearchInteractor.swift; sourceTree = "<group>"; };
		8B7340032A51A51F00992CD6 /* SearchRouterI.swift */ = {isa = PBXFileReference; lastKnownFileType = sourcecode.swift; path = SearchRouterI.swift; sourceTree = "<group>"; };
		8B7340052A51A56000992CD6 /* SearchRouter.swift */ = {isa = PBXFileReference; lastKnownFileType = sourcecode.swift; path = SearchRouter.swift; sourceTree = "<group>"; };
		8B7340072A51A62E00992CD6 /* SearchViewIO.swift */ = {isa = PBXFileReference; lastKnownFileType = sourcecode.swift; path = SearchViewIO.swift; sourceTree = "<group>"; };
		8B7340092A51A6CE00992CD6 /* SearchViewController.swift */ = {isa = PBXFileReference; lastKnownFileType = sourcecode.swift; path = SearchViewController.swift; sourceTree = "<group>"; };
		8B73400B2A51A7D800992CD6 /* SearchPresenter.swift */ = {isa = PBXFileReference; lastKnownFileType = sourcecode.swift; path = SearchPresenter.swift; sourceTree = "<group>"; };
		8B7DFD162A375365006E0755 /* MovieNetworkService.swift */ = {isa = PBXFileReference; lastKnownFileType = sourcecode.swift; path = MovieNetworkService.swift; sourceTree = "<group>"; };
		8B7DFD182A3758CF006E0755 /* Premieres.swift */ = {isa = PBXFileReference; lastKnownFileType = sourcecode.swift; path = Premieres.swift; sourceTree = "<group>"; };
		8B7DFD1B2A376A60006E0755 /* TabBarBuilder.swift */ = {isa = PBXFileReference; lastKnownFileType = sourcecode.swift; path = TabBarBuilder.swift; sourceTree = "<group>"; };
		8B7DFD1D2A377044006E0755 /* Films.swift */ = {isa = PBXFileReference; lastKnownFileType = sourcecode.swift; path = Films.swift; sourceTree = "<group>"; };
		8B7ED98A2A4D7AAA007B7C2F /* RatingVIew.swift */ = {isa = PBXFileReference; lastKnownFileType = sourcecode.swift; path = RatingVIew.swift; sourceTree = "<group>"; };
		8B7ED98E2A4D7DCA007B7C2F /* SecondaryInfoView.swift */ = {isa = PBXFileReference; lastKnownFileType = sourcecode.swift; path = SecondaryInfoView.swift; sourceTree = "<group>"; };
		8B7ED9902A4D8DD3007B7C2F /* FilmInfoService.swift */ = {isa = PBXFileReference; lastKnownFileType = sourcecode.swift; path = FilmInfoService.swift; sourceTree = "<group>"; };
		8B7ED9932A4E25B7007B7C2F /* Staff.swift */ = {isa = PBXFileReference; lastKnownFileType = sourcecode.swift; path = Staff.swift; sourceTree = "<group>"; };
		8B7ED9952A4E2965007B7C2F /* StaffInfoSection.swift */ = {isa = PBXFileReference; lastKnownFileType = sourcecode.swift; path = StaffInfoSection.swift; sourceTree = "<group>"; };
		8B7ED9972A4E2AA9007B7C2F /* StaffInfoCell.swift */ = {isa = PBXFileReference; lastKnownFileType = sourcecode.swift; path = StaffInfoCell.swift; sourceTree = "<group>"; };
		8B8CF4222A42164100AED61C /* Resolver+Extensions.swift */ = {isa = PBXFileReference; lastKnownFileType = sourcecode.swift; path = "Resolver+Extensions.swift"; sourceTree = "<group>"; };
		8B950EF52A3EF9AC00C7307C /* Section.swift */ = {isa = PBXFileReference; lastKnownFileType = sourcecode.swift; path = Section.swift; sourceTree = "<group>"; };
		8B950EF92A3EFBAF00C7307C /* AwaitFilmsSectionHeader.swift */ = {isa = PBXFileReference; lastKnownFileType = sourcecode.swift; path = AwaitFilmsSectionHeader.swift; sourceTree = "<group>"; };
		8B950EFB2A3EFCB400C7307C /* FilmsSelectionHeader.swift */ = {isa = PBXFileReference; lastKnownFileType = sourcecode.swift; path = FilmsSelectionHeader.swift; sourceTree = "<group>"; };
		8B950EFD2A3EFCE900C7307C /* AwaitFilmsSection.swift */ = {isa = PBXFileReference; lastKnownFileType = sourcecode.swift; path = AwaitFilmsSection.swift; sourceTree = "<group>"; };
		8B950F002A3F038E00C7307C /* FilmsSelection.swift */ = {isa = PBXFileReference; lastKnownFileType = sourcecode.swift; path = FilmsSelection.swift; sourceTree = "<group>"; };
		8B950F032A3F04D900C7307C /* SelectionFilmCell.swift */ = {isa = PBXFileReference; lastKnownFileType = sourcecode.swift; path = SelectionFilmCell.swift; sourceTree = "<group>"; };
		8B950F062A3FB26600C7307C /* SearchButton.swift */ = {isa = PBXFileReference; lastKnownFileType = sourcecode.swift; path = SearchButton.swift; sourceTree = "<group>"; };
		8B950F082A3FB51100C7307C /* AwaitFilmCell.swift */ = {isa = PBXFileReference; lastKnownFileType = sourcecode.swift; path = AwaitFilmCell.swift; sourceTree = "<group>"; };
		8BDFABE62A4B1CE600C9131B /* FilmCell.swift */ = {isa = PBXFileReference; lastKnownFileType = sourcecode.swift; path = FilmCell.swift; sourceTree = "<group>"; };
		8BDFABE82A4B2F1D00C9131B /* RatingTypeButton.swift */ = {isa = PBXFileReference; lastKnownFileType = sourcecode.swift; path = RatingTypeButton.swift; sourceTree = "<group>"; };
		8BDFABEA2A4B41B200C9131B /* FilmInSelectionSection.swift */ = {isa = PBXFileReference; lastKnownFileType = sourcecode.swift; path = FilmInSelectionSection.swift; sourceTree = "<group>"; };
		8BDFABF42A4CD77200C9131B /* FilmInfoModuleBuilder.swift */ = {isa = PBXFileReference; lastKnownFileType = sourcecode.swift; path = FilmInfoModuleBuilder.swift; sourceTree = "<group>"; };
		8BDFABF62A4CDCDE00C9131B /* FilmInfoInteractor.swift */ = {isa = PBXFileReference; lastKnownFileType = sourcecode.swift; path = FilmInfoInteractor.swift; sourceTree = "<group>"; };
		8BDFABF82A4CDD2700C9131B /* FilmInfoInteractorIO.swift */ = {isa = PBXFileReference; lastKnownFileType = sourcecode.swift; path = FilmInfoInteractorIO.swift; sourceTree = "<group>"; };
		8BDFABFA2A4CDDA300C9131B /* FilmInfoPresenter.swift */ = {isa = PBXFileReference; lastKnownFileType = sourcecode.swift; path = FilmInfoPresenter.swift; sourceTree = "<group>"; };
		8BDFABFC2A4CDE5D00C9131B /* FilmInfoRouterI.swift */ = {isa = PBXFileReference; lastKnownFileType = sourcecode.swift; path = FilmInfoRouterI.swift; sourceTree = "<group>"; };
		8BDFABFE2A4CDE6700C9131B /* FilmInfoRouter.swift */ = {isa = PBXFileReference; lastKnownFileType = sourcecode.swift; path = FilmInfoRouter.swift; sourceTree = "<group>"; };
		8BDFAC002A4CDF2100C9131B /* FilmInfoViewIO.swift */ = {isa = PBXFileReference; lastKnownFileType = sourcecode.swift; path = FilmInfoViewIO.swift; sourceTree = "<group>"; };
		8BDFAC022A4CDF7700C9131B /* FilmInfoViewController.swift */ = {isa = PBXFileReference; lastKnownFileType = sourcecode.swift; path = FilmInfoViewController.swift; sourceTree = "<group>"; };
		8BDFAC052A4CF00B00C9131B /* FilmMainInfoCell.swift */ = {isa = PBXFileReference; lastKnownFileType = sourcecode.swift; path = FilmMainInfoCell.swift; sourceTree = "<group>"; };
		8BDFAC082A4CF03800C9131B /* FilmMainInfoSection.swift */ = {isa = PBXFileReference; lastKnownFileType = sourcecode.swift; path = FilmMainInfoSection.swift; sourceTree = "<group>"; };
		EACD674529A901FF0093883D /* MoviePosterApp.app */ = {isa = PBXFileReference; explicitFileType = wrapper.application; includeInIndex = 0; path = MoviePosterApp.app; sourceTree = BUILT_PRODUCTS_DIR; };
		EACD674829A901FF0093883D /* AppDelegate.swift */ = {isa = PBXFileReference; lastKnownFileType = sourcecode.swift; path = AppDelegate.swift; sourceTree = "<group>"; };
		EACD674A29A901FF0093883D /* SceneDelegate.swift */ = {isa = PBXFileReference; lastKnownFileType = sourcecode.swift; path = SceneDelegate.swift; sourceTree = "<group>"; };
		EACD675229A901FF0093883D /* MoviePosterApp.xcdatamodel */ = {isa = PBXFileReference; lastKnownFileType = wrapper.xcdatamodel; path = MoviePosterApp.xcdatamodel; sourceTree = "<group>"; };
		EACD675429A902060093883D /* Assets.xcassets */ = {isa = PBXFileReference; lastKnownFileType = folder.assetcatalog; path = Assets.xcassets; sourceTree = "<group>"; };
		EACD675729A902060093883D /* Base */ = {isa = PBXFileReference; lastKnownFileType = file.storyboard; name = Base; path = Base.lproj/LaunchScreen.storyboard; sourceTree = "<group>"; };
		EACD675929A902060093883D /* Info.plist */ = {isa = PBXFileReference; lastKnownFileType = text.plist.xml; path = Info.plist; sourceTree = "<group>"; };
/* End PBXFileReference section */

/* Begin PBXFrameworksBuildPhase section */
		EACD674229A901FF0093883D /* Frameworks */ = {
			isa = PBXFrameworksBuildPhase;
			buildActionMask = 2147483647;
			files = (
				3AF825BC56CD6CEF245F8F52 /* Pods_MoviePosterApp.framework in Frameworks */,
			);
			runOnlyForDeploymentPostprocessing = 0;
		};
/* End PBXFrameworksBuildPhase section */

/* Begin PBXGroup section */
		4C490ED3728F90F38200CEAE /* Pods */ = {
			isa = PBXGroup;
			children = (
				061CFF86462D4BF5DF8E857A /* Pods-MoviePosterApp.debug.xcconfig */,
				79D6C00D4EE11518FA909B38 /* Pods-MoviePosterApp.release.xcconfig */,
			);
			path = Pods;
			sourceTree = "<group>";
		};
		8B2B04492A4EDB03006AFF21 /* Headers */ = {
			isa = PBXGroup;
			children = (
				8B2B044A2A4EDB24006AFF21 /* StaffInfoHeader.swift */,
			);
			path = Headers;
			sourceTree = "<group>";
		};
		8B2B044C2A4EFDA6006AFF21 /* WatchList */ = {
			isa = PBXGroup;
			children = (
				8B2B044D2A4EFDD4006AFF21 /* Interactor */,
				8B2B044E2A4EFDE1006AFF21 /* Presenter */,
				8B2B04502A4EFDED006AFF21 /* Router */,
				8B2B044F2A4EFDE7006AFF21 /* View */,
				8B2B04512A4EFE10006AFF21 /* WatchListModuleBuilder.swift */,
			);
			path = WatchList;
			sourceTree = "<group>";
		};
		8B2B044D2A4EFDD4006AFF21 /* Interactor */ = {
			isa = PBXGroup;
			children = (
				8B2B04532A4F06CA006AFF21 /* WatchListInteractorIO.swift */,
				8B2B04552A4F06D6006AFF21 /* WatchListInteractor.swift */,
			);
			path = Interactor;
			sourceTree = "<group>";
		};
		8B2B044E2A4EFDE1006AFF21 /* Presenter */ = {
			isa = PBXGroup;
			children = (
				8B2B04582A4F06F0006AFF21 /* WatchListPresenter.swift */,
			);
			path = Presenter;
			sourceTree = "<group>";
		};
		8B2B044F2A4EFDE7006AFF21 /* View */ = {
			isa = PBXGroup;
			children = (
				8B2B04662A4F1B99006AFF21 /* Cell */,
				8B2B04602A4F087F006AFF21 /* WatchListViewIO.swift */,
				8B2B045E2A4F071E006AFF21 /* WatchListViewController.swift */,
			);
			path = View;
			sourceTree = "<group>";
		};
		8B2B04502A4EFDED006AFF21 /* Router */ = {
			isa = PBXGroup;
			children = (
				8B2B045A2A4F06FF006AFF21 /* WatchListRouterI.swift */,
				8B2B045C2A4F070B006AFF21 /* WatchListRouter.swift */,
			);
			path = Router;
			sourceTree = "<group>";
		};
		8B2B04662A4F1B99006AFF21 /* Cell */ = {
			isa = PBXGroup;
			children = (
				8B2B04672A4F1BAA006AFF21 /* FilmTableViewCell.swift */,
			);
			path = Cell;
			sourceTree = "<group>";
		};
		8B5A53642A35D349004B3F90 /* Protocols */ = {
			isa = PBXGroup;
			children = (
				8B5A53652A35D375004B3F90 /* FlowCoordinatorProtocol.swift */,
				8B950EF52A3EF9AC00C7307C /* Section.swift */,
			);
			path = Protocols;
			sourceTree = "<group>";
		};
		8B5A536D2A35DFDA004B3F90 /* Main */ = {
			isa = PBXGroup;
			children = (
				8B5A53782A367CC1004B3F90 /* Interactor */,
				8B5A537B2A367DA1004B3F90 /* Presenter */,
				8B5A53812A367F4E004B3F90 /* Router */,
				8B5A537E2A367E6C004B3F90 /* View */,
				8B5A53762A35E23F004B3F90 /* MainModuleBuilder.swift */,
			);
			path = Main;
			sourceTree = "<group>";
		};
		8B5A53782A367CC1004B3F90 /* Interactor */ = {
			isa = PBXGroup;
			children = (
				8B5A53792A367D0C004B3F90 /* MainInteractorIO.swift */,
				8B5A53742A35E1E5004B3F90 /* MainInteractor.swift */,
			);
			path = Interactor;
			sourceTree = "<group>";
		};
		8B5A537B2A367DA1004B3F90 /* Presenter */ = {
			isa = PBXGroup;
			children = (
				8B5A53702A35E05F004B3F90 /* MainPresenter.swift */,
			);
			path = Presenter;
			sourceTree = "<group>";
		};
		8B5A537E2A367E6C004B3F90 /* View */ = {
			isa = PBXGroup;
			children = (
				8B950F052A3FB25700C7307C /* Buttons */,
				8B950F022A3F04B900C7307C /* Cells */,
				8B950EF82A3EFB9700C7307C /* Headers */,
				8B950EF72A3EFB8C00C7307C /* Sections */,
				8B5A537F2A367E7D004B3F90 /* MainViewIO.swift */,
				8B5A536E2A35DFF8004B3F90 /* MainViewController.swift */,
			);
			path = View;
			sourceTree = "<group>";
		};
		8B5A53812A367F4E004B3F90 /* Router */ = {
			isa = PBXGroup;
			children = (
				8B5A53822A367F6F004B3F90 /* MainRouterI.swift */,
				8B5A53722A35E171004B3F90 /* MainRouter.swift */,
			);
			path = Router;
			sourceTree = "<group>";
		};
		8B72CB8C29F278560083B3C3 /* DependencyAssemblers */ = {
			isa = PBXGroup;
			children = (
				8B72CB8D29F278660083B3C3 /* NetworkAssembly.swift */,
				8B2B04642A4F11D6006AFF21 /* CoreDataAssembly.swift */,
				8B733FEE2A51939000992CD6 /* LocalDataSource.swift */,
			);
			path = DependencyAssemblers;
			sourceTree = "<group>";
		};
		8B733FDD2A50ED8100992CD6 /* CoreData */ = {
			isa = PBXGroup;
			children = (
				8B733FEB2A50EF8600992CD6 /* FilmEntity+CoreDataProperties copy.swift */,
				8B733FEA2A50EF8600992CD6 /* FilmEntity+CoreDataClass copy.swift */,
			);
			path = CoreData;
			sourceTree = "<group>";
		};
		8B733FF72A51A38700992CD6 /* Search */ = {
			isa = PBXGroup;
			children = (
				8B733FFB2A51A41700992CD6 /* Interactor */,
				8B733FFA2A51A40F00992CD6 /* Presenter */,
				8B733FF92A51A40200992CD6 /* Router */,
				8B733FF82A51A3F900992CD6 /* View */,
				8B733FFC2A51A42F00992CD6 /* SearchModuleBuilder.swift */,
			);
			path = Search;
			sourceTree = "<group>";
		};
		8B733FF82A51A3F900992CD6 /* View */ = {
			isa = PBXGroup;
			children = (
				8B7340072A51A62E00992CD6 /* SearchViewIO.swift */,
				8B7340092A51A6CE00992CD6 /* SearchViewController.swift */,
			);
			path = View;
			sourceTree = "<group>";
		};
		8B733FF92A51A40200992CD6 /* Router */ = {
			isa = PBXGroup;
			children = (
				8B7340032A51A51F00992CD6 /* SearchRouterI.swift */,
				8B7340052A51A56000992CD6 /* SearchRouter.swift */,
			);
			path = Router;
			sourceTree = "<group>";
		};
		8B733FFA2A51A40F00992CD6 /* Presenter */ = {
			isa = PBXGroup;
			children = (
				8B73400B2A51A7D800992CD6 /* SearchPresenter.swift */,
			);
			path = Presenter;
			sourceTree = "<group>";
		};
		8B733FFB2A51A41700992CD6 /* Interactor */ = {
			isa = PBXGroup;
			children = (
				8B733FFF2A51A45900992CD6 /* SearchInteractorIO.swift */,
				8B7340012A51A48C00992CD6 /* SearchInteractor.swift */,
			);
			path = Interactor;
			sourceTree = "<group>";
		};
		8B7ED98C2A4D7ACC007B7C2F /* Components */ = {
			isa = PBXGroup;
			children = (
				8B7ED98A2A4D7AAA007B7C2F /* RatingVIew.swift */,
				8B7ED98E2A4D7DCA007B7C2F /* SecondaryInfoView.swift */,
			);
			path = Components;
			sourceTree = "<group>";
		};
		8B950EF72A3EFB8C00C7307C /* Sections */ = {
			isa = PBXGroup;
			children = (
				8B950EFD2A3EFCE900C7307C /* AwaitFilmsSection.swift */,
				8B950F002A3F038E00C7307C /* FilmsSelection.swift */,
				8BDFABEA2A4B41B200C9131B /* FilmInSelectionSection.swift */,
			);
			path = Sections;
			sourceTree = "<group>";
		};
		8B950EF82A3EFB9700C7307C /* Headers */ = {
			isa = PBXGroup;
			children = (
				8B950EF92A3EFBAF00C7307C /* AwaitFilmsSectionHeader.swift */,
				8B950EFB2A3EFCB400C7307C /* FilmsSelectionHeader.swift */,
			);
			path = Headers;
			sourceTree = "<group>";
		};
		8B950F022A3F04B900C7307C /* Cells */ = {
			isa = PBXGroup;
			children = (
				8B950F082A3FB51100C7307C /* AwaitFilmCell.swift */,
				8B950F032A3F04D900C7307C /* SelectionFilmCell.swift */,
				8BDFABE62A4B1CE600C9131B /* FilmCell.swift */,
			);
			path = Cells;
			sourceTree = "<group>";
		};
		8B950F052A3FB25700C7307C /* Buttons */ = {
			isa = PBXGroup;
			children = (
				8B950F062A3FB26600C7307C /* SearchButton.swift */,
				8BDFABE82A4B2F1D00C9131B /* RatingTypeButton.swift */,
			);
			path = Buttons;
			sourceTree = "<group>";
		};
		8BDFABED2A4CD70100C9131B /* Modules */ = {
			isa = PBXGroup;
			children = (
				8BDFABEE2A4CD71900C9131B /* FilmInfo */,
				8B5A536D2A35DFDA004B3F90 /* Main */,
				8B733FF72A51A38700992CD6 /* Search */,
				8B2B044C2A4EFDA6006AFF21 /* WatchList */,
			);
			path = Modules;
			sourceTree = "<group>";
		};
		8BDFABEE2A4CD71900C9131B /* FilmInfo */ = {
			isa = PBXGroup;
			children = (
				8BDFABEF2A4CD72900C9131B /* Interactor */,
				8BDFABF02A4CD73400C9131B /* Presenter */,
				8BDFABF12A4CD73C00C9131B /* Router */,
				8BDFABF22A4CD75600C9131B /* View */,
				8BDFABF42A4CD77200C9131B /* FilmInfoModuleBuilder.swift */,
			);
			path = FilmInfo;
			sourceTree = "<group>";
		};
		8BDFABEF2A4CD72900C9131B /* Interactor */ = {
			isa = PBXGroup;
			children = (
				8BDFABF82A4CDD2700C9131B /* FilmInfoInteractorIO.swift */,
				8BDFABF62A4CDCDE00C9131B /* FilmInfoInteractor.swift */,
			);
			path = Interactor;
			sourceTree = "<group>";
		};
		8BDFABF02A4CD73400C9131B /* Presenter */ = {
			isa = PBXGroup;
			children = (
				8BDFABFA2A4CDDA300C9131B /* FilmInfoPresenter.swift */,
			);
			path = Presenter;
			sourceTree = "<group>";
		};
		8BDFABF12A4CD73C00C9131B /* Router */ = {
			isa = PBXGroup;
			children = (
				8BDFABFC2A4CDE5D00C9131B /* FilmInfoRouterI.swift */,
				8BDFABFE2A4CDE6700C9131B /* FilmInfoRouter.swift */,
			);
			path = Router;
			sourceTree = "<group>";
		};
		8BDFABF22A4CD75600C9131B /* View */ = {
			isa = PBXGroup;
			children = (
				8BDFAC042A4CEFE300C9131B /* Cells */,
				8B7ED98C2A4D7ACC007B7C2F /* Components */,
				8B2B04492A4EDB03006AFF21 /* Headers */,
				8BDFAC072A4CF01200C9131B /* Sections */,
				8BDFAC002A4CDF2100C9131B /* FilmInfoViewIO.swift */,
				8BDFAC022A4CDF7700C9131B /* FilmInfoViewController.swift */,
			);
			path = View;
			sourceTree = "<group>";
		};
		8BDFAC042A4CEFE300C9131B /* Cells */ = {
			isa = PBXGroup;
			children = (
				8BDFAC052A4CF00B00C9131B /* FilmMainInfoCell.swift */,
				8B7ED9972A4E2AA9007B7C2F /* StaffInfoCell.swift */,
			);
			path = Cells;
			sourceTree = "<group>";
		};
		8BDFAC072A4CF01200C9131B /* Sections */ = {
			isa = PBXGroup;
			children = (
				8BDFAC082A4CF03800C9131B /* FilmMainInfoSection.swift */,
				8B7ED9952A4E2965007B7C2F /* StaffInfoSection.swift */,
			);
			path = Sections;
			sourceTree = "<group>";
		};
		EACD673C29A901FF0093883D = {
			isa = PBXGroup;
			children = (
				EACD674729A901FF0093883D /* MoviePosterApp */,
				EACD674629A901FF0093883D /* Products */,
				4C490ED3728F90F38200CEAE /* Pods */,
				EE9AF468F6663843FBAD01C9 /* Frameworks */,
			);
			sourceTree = "<group>";
		};
		EACD674629A901FF0093883D /* Products */ = {
			isa = PBXGroup;
			children = (
				EACD674529A901FF0093883D /* MoviePosterApp.app */,
			);
			name = Products;
			sourceTree = "<group>";
		};
		EACD674729A901FF0093883D /* MoviePosterApp */ = {
			isa = PBXGroup;
			children = (
				8B733FDD2A50ED8100992CD6 /* CoreData */,
				8BDFABED2A4CD70100C9131B /* Modules */,
				8B5A53642A35D349004B3F90 /* Protocols */,
				8B72CB8C29F278560083B3C3 /* DependencyAssemblers */,
				EACD676529A94DDD0093883D /* Coordinators */,
				EACD676229A9447B0093883D /* Models */,
				EACD675F29A9301C0093883D /* Services */,
				EACD674829A901FF0093883D /* AppDelegate.swift */,
				EACD674A29A901FF0093883D /* SceneDelegate.swift */,
				8B72CB8A29F2783F0083B3C3 /* ServiceLocator.swift */,
				EACD675429A902060093883D /* Assets.xcassets */,
				EACD675629A902060093883D /* LaunchScreen.storyboard */,
				EACD675929A902060093883D /* Info.plist */,
				EACD675129A901FF0093883D /* MoviePosterApp.xcdatamodeld */,
				8B7DFD1B2A376A60006E0755 /* TabBarBuilder.swift */,
				8B8CF4222A42164100AED61C /* Resolver+Extensions.swift */,
			);
			path = MoviePosterApp;
			sourceTree = "<group>";
		};
		EACD675F29A9301C0093883D /* Services */ = {
			isa = PBXGroup;
			children = (
				8B733FF02A5193C500992CD6 /* FilmInfoLocalDataSource.swift */,
				8B7ED9902A4D8DD3007B7C2F /* FilmInfoService.swift */,
				8B733FF32A519F7D00992CD6 /* FilmSearchService.swift */,
				8B7DFD162A375365006E0755 /* MovieNetworkService.swift */,
				8B733FF52A519FB500992CD6 /* NetworkApiService.swift */,
				8B2B04622A4F1074006AFF21 /* WatchListService.swift */,
			);
			path = Services;
			sourceTree = "<group>";
		};
		EACD676229A9447B0093883D /* Models */ = {
			isa = PBXGroup;
			children = (
				8B7DFD182A3758CF006E0755 /* Premieres.swift */,
				8B7DFD1D2A377044006E0755 /* Films.swift */,
				8B7ED9932A4E25B7007B7C2F /* Staff.swift */,
			);
			path = Models;
			sourceTree = "<group>";
		};
		EACD676529A94DDD0093883D /* Coordinators */ = {
			isa = PBXGroup;
			children = (
				8B5A53672A35D438004B3F90 /* RootCoordinator.swift */,
				8B5A53692A35D546004B3F90 /* TabBarCoordinator.swift */,
				8B5A536B2A35D7E9004B3F90 /* MainFlowCoordinator.swift */,
			);
			path = Coordinators;
			sourceTree = "<group>";
		};
		EE9AF468F6663843FBAD01C9 /* Frameworks */ = {
			isa = PBXGroup;
			children = (
				5C9B9FA24605B36C54591F4D /* Pods_MoviePosterApp.framework */,
			);
			name = Frameworks;
			sourceTree = "<group>";
		};
/* End PBXGroup section */

/* Begin PBXNativeTarget section */
		EACD674429A901FF0093883D /* MoviePosterApp */ = {
			isa = PBXNativeTarget;
			buildConfigurationList = EACD675C29A902060093883D /* Build configuration list for PBXNativeTarget "MoviePosterApp" */;
			buildPhases = (
				257AC32BDB676607B4CE8272 /* [CP] Check Pods Manifest.lock */,
				8B72CB8929F273EF0083B3C3 /* SwiftLint */,
				EACD674129A901FF0093883D /* Sources */,
				EACD674229A901FF0093883D /* Frameworks */,
				EACD674329A901FF0093883D /* Resources */,
				C0AAEAA25C72EF4BF4B09D66 /* [CP] Embed Pods Frameworks */,
			);
			buildRules = (
			);
			dependencies = (
			);
			name = MoviePosterApp;
			productName = MoviePosterApp;
			productReference = EACD674529A901FF0093883D /* MoviePosterApp.app */;
			productType = "com.apple.product-type.application";
		};
/* End PBXNativeTarget section */

/* Begin PBXProject section */
		EACD673D29A901FF0093883D /* Project object */ = {
			isa = PBXProject;
			attributes = {
				BuildIndependentTargetsInParallel = 1;
				LastSwiftUpdateCheck = 1400;
				LastUpgradeCheck = 1400;
				TargetAttributes = {
					EACD674429A901FF0093883D = {
						CreatedOnToolsVersion = 14.0.1;
					};
				};
			};
			buildConfigurationList = EACD674029A901FF0093883D /* Build configuration list for PBXProject "MoviePosterApp" */;
			compatibilityVersion = "Xcode 14.0";
			developmentRegion = en;
			hasScannedForEncodings = 0;
			knownRegions = (
				en,
				Base,
			);
			mainGroup = EACD673C29A901FF0093883D;
			productRefGroup = EACD674629A901FF0093883D /* Products */;
			projectDirPath = "";
			projectRoot = "";
			targets = (
				EACD674429A901FF0093883D /* MoviePosterApp */,
			);
		};
/* End PBXProject section */

/* Begin PBXResourcesBuildPhase section */
		EACD674329A901FF0093883D /* Resources */ = {
			isa = PBXResourcesBuildPhase;
			buildActionMask = 2147483647;
			files = (
				EACD675829A902060093883D /* LaunchScreen.storyboard in Resources */,
				EACD675529A902060093883D /* Assets.xcassets in Resources */,
			);
			runOnlyForDeploymentPostprocessing = 0;
		};
/* End PBXResourcesBuildPhase section */

/* Begin PBXShellScriptBuildPhase section */
		257AC32BDB676607B4CE8272 /* [CP] Check Pods Manifest.lock */ = {
			isa = PBXShellScriptBuildPhase;
			buildActionMask = 2147483647;
			files = (
			);
			inputFileListPaths = (
			);
			inputPaths = (
				"${PODS_PODFILE_DIR_PATH}/Podfile.lock",
				"${PODS_ROOT}/Manifest.lock",
			);
			name = "[CP] Check Pods Manifest.lock";
			outputFileListPaths = (
			);
			outputPaths = (
				"$(DERIVED_FILE_DIR)/Pods-MoviePosterApp-checkManifestLockResult.txt",
			);
			runOnlyForDeploymentPostprocessing = 0;
			shellPath = /bin/sh;
			shellScript = "diff \"${PODS_PODFILE_DIR_PATH}/Podfile.lock\" \"${PODS_ROOT}/Manifest.lock\" > /dev/null\nif [ $? != 0 ] ; then\n    # print error to STDERR\n    echo \"error: The sandbox is not in sync with the Podfile.lock. Run 'pod install' or update your CocoaPods installation.\" >&2\n    exit 1\nfi\n# This output is used by Xcode 'outputs' to avoid re-running this script phase.\necho \"SUCCESS\" > \"${SCRIPT_OUTPUT_FILE_0}\"\n";
			showEnvVarsInLog = 0;
		};
		8B72CB8929F273EF0083B3C3 /* SwiftLint */ = {
			isa = PBXShellScriptBuildPhase;
			buildActionMask = 2147483647;
			files = (
			);
			inputFileListPaths = (
			);
			inputPaths = (
			);
			name = SwiftLint;
			outputFileListPaths = (
			);
			outputPaths = (
			);
			runOnlyForDeploymentPostprocessing = 0;
			shellPath = /bin/sh;
			shellScript = "\"${PODS_ROOT}/SwiftLint/swiftlint\"\n";
		};
		C0AAEAA25C72EF4BF4B09D66 /* [CP] Embed Pods Frameworks */ = {
			isa = PBXShellScriptBuildPhase;
			buildActionMask = 2147483647;
			files = (
			);
			inputFileListPaths = (
				"${PODS_ROOT}/Target Support Files/Pods-MoviePosterApp/Pods-MoviePosterApp-frameworks-${CONFIGURATION}-input-files.xcfilelist",
			);
			name = "[CP] Embed Pods Frameworks";
			outputFileListPaths = (
				"${PODS_ROOT}/Target Support Files/Pods-MoviePosterApp/Pods-MoviePosterApp-frameworks-${CONFIGURATION}-output-files.xcfilelist",
			);
			runOnlyForDeploymentPostprocessing = 0;
			shellPath = /bin/sh;
			shellScript = "\"${PODS_ROOT}/Target Support Files/Pods-MoviePosterApp/Pods-MoviePosterApp-frameworks.sh\"\n";
			showEnvVarsInLog = 0;
		};
/* End PBXShellScriptBuildPhase section */

/* Begin PBXSourcesBuildPhase section */
		EACD674129A901FF0093883D /* Sources */ = {
			isa = PBXSourcesBuildPhase;
			buildActionMask = 2147483647;
			files = (
				8BDFAC032A4CDF7700C9131B /* FilmInfoViewController.swift in Sources */,
				8BDFABF92A4CDD2700C9131B /* FilmInfoInteractorIO.swift in Sources */,
				8BDFABFB2A4CDDA300C9131B /* FilmInfoPresenter.swift in Sources */,
				8B950F072A3FB26600C7307C /* SearchButton.swift in Sources */,
				8BDFABF52A4CD77200C9131B /* FilmInfoModuleBuilder.swift in Sources */,
				8B8CF4232A42164100AED61C /* Resolver+Extensions.swift in Sources */,
				8B733FEF2A51939000992CD6 /* LocalDataSource.swift in Sources */,
				8B7ED9962A4E2965007B7C2F /* StaffInfoSection.swift in Sources */,
				8B5A536F2A35DFF8004B3F90 /* MainViewController.swift in Sources */,
				8B5A53682A35D438004B3F90 /* RootCoordinator.swift in Sources */,
				8BDFAC062A4CF00B00C9131B /* FilmMainInfoCell.swift in Sources */,
				8B7DFD1C2A376A60006E0755 /* TabBarBuilder.swift in Sources */,
				8B7340062A51A56000992CD6 /* SearchRouter.swift in Sources */,
				8BDFABFF2A4CDE6700C9131B /* FilmInfoRouter.swift in Sources */,
				8B2B045D2A4F070B006AFF21 /* WatchListRouter.swift in Sources */,
				8B2B045F2A4F071E006AFF21 /* WatchListViewController.swift in Sources */,
				8B2B04562A4F06D6006AFF21 /* WatchListInteractor.swift in Sources */,
				8B5A536A2A35D546004B3F90 /* TabBarCoordinator.swift in Sources */,
				8B7ED9982A4E2AA9007B7C2F /* StaffInfoCell.swift in Sources */,
				8B5A53662A35D375004B3F90 /* FlowCoordinatorProtocol.swift in Sources */,
				8B7340002A51A45900992CD6 /* SearchInteractorIO.swift in Sources */,
				8B2B04522A4EFE10006AFF21 /* WatchListModuleBuilder.swift in Sources */,
				8B950EFC2A3EFCB400C7307C /* FilmsSelectionHeader.swift in Sources */,
				8B5A537A2A367D0C004B3F90 /* MainInteractorIO.swift in Sources */,
				8B7ED98B2A4D7AAA007B7C2F /* RatingVIew.swift in Sources */,
				8B7DFD1E2A377044006E0755 /* Films.swift in Sources */,
				8B73400A2A51A6CE00992CD6 /* SearchViewController.swift in Sources */,
				8B7DFD172A375365006E0755 /* MovieNetworkService.swift in Sources */,
				8B72CB8E29F278660083B3C3 /* NetworkAssembly.swift in Sources */,
				8B7ED9912A4D8DD3007B7C2F /* FilmInfoService.swift in Sources */,
				8B950EF62A3EF9AC00C7307C /* Section.swift in Sources */,
				EACD675329A901FF0093883D /* MoviePosterApp.xcdatamodeld in Sources */,
				8B73400C2A51A7D800992CD6 /* SearchPresenter.swift in Sources */,
				8B2B04612A4F087F006AFF21 /* WatchListViewIO.swift in Sources */,
				8B7ED9942A4E25B7007B7C2F /* Staff.swift in Sources */,
				8B5A53772A35E23F004B3F90 /* MainModuleBuilder.swift in Sources */,
				8B733FF12A5193C500992CD6 /* FilmInfoLocalDataSource.swift in Sources */,
				8B7340022A51A48C00992CD6 /* SearchInteractor.swift in Sources */,
				8B5A536C2A35D7E9004B3F90 /* MainFlowCoordinator.swift in Sources */,
				8B2B04652A4F11D6006AFF21 /* CoreDataAssembly.swift in Sources */,
				8B733FFD2A51A42F00992CD6 /* SearchModuleBuilder.swift in Sources */,
				8B2B04632A4F1074006AFF21 /* WatchListService.swift in Sources */,
				8B2B044B2A4EDB24006AFF21 /* StaffInfoHeader.swift in Sources */,
				8BDFAC092A4CF03800C9131B /* FilmMainInfoSection.swift in Sources */,
				8BDFABE72A4B1CE600C9131B /* FilmCell.swift in Sources */,
				EACD674929A901FF0093883D /* AppDelegate.swift in Sources */,
				8B950F042A3F04D900C7307C /* SelectionFilmCell.swift in Sources */,
				8B733FF42A519F7D00992CD6 /* FilmSearchService.swift in Sources */,
				8B5A53832A367F6F004B3F90 /* MainRouterI.swift in Sources */,
				8BDFABEB2A4B41B200C9131B /* FilmInSelectionSection.swift in Sources */,
				8B7340042A51A51F00992CD6 /* SearchRouterI.swift in Sources */,
				8B733FF62A519FB500992CD6 /* NetworkApiService.swift in Sources */,
				EACD674B29A901FF0093883D /* SceneDelegate.swift in Sources */,
				8BDFABE92A4B2F1D00C9131B /* RatingTypeButton.swift in Sources */,
				8B2B04592A4F06F1006AFF21 /* WatchListPresenter.swift in Sources */,
				8B7340082A51A62E00992CD6 /* SearchViewIO.swift in Sources */,
				8B7DFD192A3758CF006E0755 /* Premieres.swift in Sources */,
				8B733FED2A50EF8600992CD6 /* FilmEntity+CoreDataProperties copy.swift in Sources */,
				8B72CB8B29F2783F0083B3C3 /* ServiceLocator.swift in Sources */,
				8B5A53712A35E05F004B3F90 /* MainPresenter.swift in Sources */,
				8BDFAC012A4CDF2100C9131B /* FilmInfoViewIO.swift in Sources */,
				8B950F012A3F038E00C7307C /* FilmsSelection.swift in Sources */,
				8B950EFE2A3EFCE900C7307C /* AwaitFilmsSection.swift in Sources */,
				8B950F092A3FB51100C7307C /* AwaitFilmCell.swift in Sources */,
				8B7ED98F2A4D7DCA007B7C2F /* SecondaryInfoView.swift in Sources */,
				8B5A53732A35E171004B3F90 /* MainRouter.swift in Sources */,
				8B5A53752A35E1E5004B3F90 /* MainInteractor.swift in Sources */,
				8B950EFA2A3EFBAF00C7307C /* AwaitFilmsSectionHeader.swift in Sources */,
				8B2B04542A4F06CA006AFF21 /* WatchListInteractorIO.swift in Sources */,
				8BDFABF72A4CDCDE00C9131B /* FilmInfoInteractor.swift in Sources */,
				8BDFABFD2A4CDE5D00C9131B /* FilmInfoRouterI.swift in Sources */,
				8B733FEC2A50EF8600992CD6 /* FilmEntity+CoreDataClass copy.swift in Sources */,
				8B2B04682A4F1BAA006AFF21 /* FilmTableViewCell.swift in Sources */,
				8B5A53802A367E7D004B3F90 /* MainViewIO.swift in Sources */,
				8B2B045B2A4F06FF006AFF21 /* WatchListRouterI.swift in Sources */,
			);
			runOnlyForDeploymentPostprocessing = 0;
		};
/* End PBXSourcesBuildPhase section */

/* Begin PBXVariantGroup section */
		EACD675629A902060093883D /* LaunchScreen.storyboard */ = {
			isa = PBXVariantGroup;
			children = (
				EACD675729A902060093883D /* Base */,
			);
			name = LaunchScreen.storyboard;
			sourceTree = "<group>";
		};
/* End PBXVariantGroup section */

/* Begin XCBuildConfiguration section */
		EACD675A29A902060093883D /* Debug */ = {
			isa = XCBuildConfiguration;
			buildSettings = {
				ALWAYS_SEARCH_USER_PATHS = NO;
				CLANG_ANALYZER_NONNULL = YES;
				CLANG_ANALYZER_NUMBER_OBJECT_CONVERSION = YES_AGGRESSIVE;
				CLANG_CXX_LANGUAGE_STANDARD = "gnu++20";
				CLANG_ENABLE_MODULES = YES;
				CLANG_ENABLE_OBJC_ARC = YES;
				CLANG_ENABLE_OBJC_WEAK = YES;
				CLANG_WARN_BLOCK_CAPTURE_AUTORELEASING = YES;
				CLANG_WARN_BOOL_CONVERSION = YES;
				CLANG_WARN_COMMA = YES;
				CLANG_WARN_CONSTANT_CONVERSION = YES;
				CLANG_WARN_DEPRECATED_OBJC_IMPLEMENTATIONS = YES;
				CLANG_WARN_DIRECT_OBJC_ISA_USAGE = YES_ERROR;
				CLANG_WARN_DOCUMENTATION_COMMENTS = YES;
				CLANG_WARN_EMPTY_BODY = YES;
				CLANG_WARN_ENUM_CONVERSION = YES;
				CLANG_WARN_INFINITE_RECURSION = YES;
				CLANG_WARN_INT_CONVERSION = YES;
				CLANG_WARN_NON_LITERAL_NULL_CONVERSION = YES;
				CLANG_WARN_OBJC_IMPLICIT_RETAIN_SELF = YES;
				CLANG_WARN_OBJC_LITERAL_CONVERSION = YES;
				CLANG_WARN_OBJC_ROOT_CLASS = YES_ERROR;
				CLANG_WARN_QUOTED_INCLUDE_IN_FRAMEWORK_HEADER = YES;
				CLANG_WARN_RANGE_LOOP_ANALYSIS = YES;
				CLANG_WARN_STRICT_PROTOTYPES = YES;
				CLANG_WARN_SUSPICIOUS_MOVE = YES;
				CLANG_WARN_UNGUARDED_AVAILABILITY = YES_AGGRESSIVE;
				CLANG_WARN_UNREACHABLE_CODE = YES;
				CLANG_WARN__DUPLICATE_METHOD_MATCH = YES;
				COPY_PHASE_STRIP = NO;
				DEBUG_INFORMATION_FORMAT = dwarf;
				ENABLE_STRICT_OBJC_MSGSEND = YES;
				ENABLE_TESTABILITY = YES;
				GCC_C_LANGUAGE_STANDARD = gnu11;
				GCC_DYNAMIC_NO_PIC = NO;
				GCC_NO_COMMON_BLOCKS = YES;
				GCC_OPTIMIZATION_LEVEL = 0;
				GCC_PREPROCESSOR_DEFINITIONS = (
					"DEBUG=1",
					"$(inherited)",
				);
				GCC_WARN_64_TO_32_BIT_CONVERSION = YES;
				GCC_WARN_ABOUT_RETURN_TYPE = YES_ERROR;
				GCC_WARN_UNDECLARED_SELECTOR = YES;
				GCC_WARN_UNINITIALIZED_AUTOS = YES_AGGRESSIVE;
				GCC_WARN_UNUSED_FUNCTION = YES;
				GCC_WARN_UNUSED_VARIABLE = YES;
				IPHONEOS_DEPLOYMENT_TARGET = 16.0;
				MTL_ENABLE_DEBUG_INFO = INCLUDE_SOURCE;
				MTL_FAST_MATH = YES;
				ONLY_ACTIVE_ARCH = YES;
				SDKROOT = iphoneos;
				SWIFT_ACTIVE_COMPILATION_CONDITIONS = DEBUG;
				SWIFT_OPTIMIZATION_LEVEL = "-Onone";
			};
			name = Debug;
		};
		EACD675B29A902060093883D /* Release */ = {
			isa = XCBuildConfiguration;
			buildSettings = {
				ALWAYS_SEARCH_USER_PATHS = NO;
				CLANG_ANALYZER_NONNULL = YES;
				CLANG_ANALYZER_NUMBER_OBJECT_CONVERSION = YES_AGGRESSIVE;
				CLANG_CXX_LANGUAGE_STANDARD = "gnu++20";
				CLANG_ENABLE_MODULES = YES;
				CLANG_ENABLE_OBJC_ARC = YES;
				CLANG_ENABLE_OBJC_WEAK = YES;
				CLANG_WARN_BLOCK_CAPTURE_AUTORELEASING = YES;
				CLANG_WARN_BOOL_CONVERSION = YES;
				CLANG_WARN_COMMA = YES;
				CLANG_WARN_CONSTANT_CONVERSION = YES;
				CLANG_WARN_DEPRECATED_OBJC_IMPLEMENTATIONS = YES;
				CLANG_WARN_DIRECT_OBJC_ISA_USAGE = YES_ERROR;
				CLANG_WARN_DOCUMENTATION_COMMENTS = YES;
				CLANG_WARN_EMPTY_BODY = YES;
				CLANG_WARN_ENUM_CONVERSION = YES;
				CLANG_WARN_INFINITE_RECURSION = YES;
				CLANG_WARN_INT_CONVERSION = YES;
				CLANG_WARN_NON_LITERAL_NULL_CONVERSION = YES;
				CLANG_WARN_OBJC_IMPLICIT_RETAIN_SELF = YES;
				CLANG_WARN_OBJC_LITERAL_CONVERSION = YES;
				CLANG_WARN_OBJC_ROOT_CLASS = YES_ERROR;
				CLANG_WARN_QUOTED_INCLUDE_IN_FRAMEWORK_HEADER = YES;
				CLANG_WARN_RANGE_LOOP_ANALYSIS = YES;
				CLANG_WARN_STRICT_PROTOTYPES = YES;
				CLANG_WARN_SUSPICIOUS_MOVE = YES;
				CLANG_WARN_UNGUARDED_AVAILABILITY = YES_AGGRESSIVE;
				CLANG_WARN_UNREACHABLE_CODE = YES;
				CLANG_WARN__DUPLICATE_METHOD_MATCH = YES;
				COPY_PHASE_STRIP = NO;
				DEBUG_INFORMATION_FORMAT = "dwarf-with-dsym";
				ENABLE_NS_ASSERTIONS = NO;
				ENABLE_STRICT_OBJC_MSGSEND = YES;
				GCC_C_LANGUAGE_STANDARD = gnu11;
				GCC_NO_COMMON_BLOCKS = YES;
				GCC_WARN_64_TO_32_BIT_CONVERSION = YES;
				GCC_WARN_ABOUT_RETURN_TYPE = YES_ERROR;
				GCC_WARN_UNDECLARED_SELECTOR = YES;
				GCC_WARN_UNINITIALIZED_AUTOS = YES_AGGRESSIVE;
				GCC_WARN_UNUSED_FUNCTION = YES;
				GCC_WARN_UNUSED_VARIABLE = YES;
				IPHONEOS_DEPLOYMENT_TARGET = 16.0;
				MTL_ENABLE_DEBUG_INFO = NO;
				MTL_FAST_MATH = YES;
				SDKROOT = iphoneos;
				SWIFT_COMPILATION_MODE = wholemodule;
				SWIFT_OPTIMIZATION_LEVEL = "-O";
				VALIDATE_PRODUCT = YES;
			};
			name = Release;
		};
		EACD675D29A902060093883D /* Debug */ = {
			isa = XCBuildConfiguration;
			baseConfigurationReference = 061CFF86462D4BF5DF8E857A /* Pods-MoviePosterApp.debug.xcconfig */;
			buildSettings = {
				ASSETCATALOG_COMPILER_APPICON_NAME = AppIcon;
				ASSETCATALOG_COMPILER_GLOBAL_ACCENT_COLOR_NAME = AccentColor;
				CODE_SIGN_STYLE = Automatic;
				CURRENT_PROJECT_VERSION = 1;
				GENERATE_INFOPLIST_FILE = YES;
				INFOPLIST_FILE = MoviePosterApp/Info.plist;
				INFOPLIST_KEY_UIApplicationSupportsIndirectInputEvents = YES;
				INFOPLIST_KEY_UILaunchStoryboardName = LaunchScreen;
				INFOPLIST_KEY_UISupportedInterfaceOrientations_iPad = "UIInterfaceOrientationPortrait UIInterfaceOrientationPortraitUpsideDown UIInterfaceOrientationLandscapeLeft UIInterfaceOrientationLandscapeRight";
				INFOPLIST_KEY_UISupportedInterfaceOrientations_iPhone = "UIInterfaceOrientationPortrait UIInterfaceOrientationLandscapeLeft UIInterfaceOrientationLandscapeRight";
				LD_RUNPATH_SEARCH_PATHS = (
					"$(inherited)",
					"@executable_path/Frameworks",
				);
				MARKETING_VERSION = 1.0;
				PRODUCT_BUNDLE_IDENTIFIER = com.itis.MoviePosterApp;
				PRODUCT_NAME = "$(TARGET_NAME)";
				SWIFT_EMIT_LOC_STRINGS = YES;
				SWIFT_VERSION = 5.0;
				TARGETED_DEVICE_FAMILY = "1,2";
			};
			name = Debug;
		};
		EACD675E29A902060093883D /* Release */ = {
			isa = XCBuildConfiguration;
			baseConfigurationReference = 79D6C00D4EE11518FA909B38 /* Pods-MoviePosterApp.release.xcconfig */;
			buildSettings = {
				ASSETCATALOG_COMPILER_APPICON_NAME = AppIcon;
				ASSETCATALOG_COMPILER_GLOBAL_ACCENT_COLOR_NAME = AccentColor;
				CODE_SIGN_STYLE = Automatic;
				CURRENT_PROJECT_VERSION = 1;
				GENERATE_INFOPLIST_FILE = YES;
				INFOPLIST_FILE = MoviePosterApp/Info.plist;
				INFOPLIST_KEY_UIApplicationSupportsIndirectInputEvents = YES;
				INFOPLIST_KEY_UILaunchStoryboardName = LaunchScreen;
				INFOPLIST_KEY_UISupportedInterfaceOrientations_iPad = "UIInterfaceOrientationPortrait UIInterfaceOrientationPortraitUpsideDown UIInterfaceOrientationLandscapeLeft UIInterfaceOrientationLandscapeRight";
				INFOPLIST_KEY_UISupportedInterfaceOrientations_iPhone = "UIInterfaceOrientationPortrait UIInterfaceOrientationLandscapeLeft UIInterfaceOrientationLandscapeRight";
				LD_RUNPATH_SEARCH_PATHS = (
					"$(inherited)",
					"@executable_path/Frameworks",
				);
				MARKETING_VERSION = 1.0;
				PRODUCT_BUNDLE_IDENTIFIER = com.itis.MoviePosterApp;
				PRODUCT_NAME = "$(TARGET_NAME)";
				SWIFT_EMIT_LOC_STRINGS = YES;
				SWIFT_VERSION = 5.0;
				TARGETED_DEVICE_FAMILY = "1,2";
			};
			name = Release;
		};
/* End XCBuildConfiguration section */

/* Begin XCConfigurationList section */
		EACD674029A901FF0093883D /* Build configuration list for PBXProject "MoviePosterApp" */ = {
			isa = XCConfigurationList;
			buildConfigurations = (
				EACD675A29A902060093883D /* Debug */,
				EACD675B29A902060093883D /* Release */,
			);
			defaultConfigurationIsVisible = 0;
			defaultConfigurationName = Release;
		};
		EACD675C29A902060093883D /* Build configuration list for PBXNativeTarget "MoviePosterApp" */ = {
			isa = XCConfigurationList;
			buildConfigurations = (
				EACD675D29A902060093883D /* Debug */,
				EACD675E29A902060093883D /* Release */,
			);
			defaultConfigurationIsVisible = 0;
			defaultConfigurationName = Release;
		};
/* End XCConfigurationList section */

/* Begin XCVersionGroup section */
		EACD675129A901FF0093883D /* MoviePosterApp.xcdatamodeld */ = {
			isa = XCVersionGroup;
			children = (
				EACD675229A901FF0093883D /* MoviePosterApp.xcdatamodel */,
			);
			currentVersion = EACD675229A901FF0093883D /* MoviePosterApp.xcdatamodel */;
			path = MoviePosterApp.xcdatamodeld;
			sourceTree = "<group>";
			versionGroupType = wrapper.xcdatamodel;
		};
/* End XCVersionGroup section */
	};
	rootObject = EACD673D29A901FF0093883D /* Project object */;
}
